# This file is automatically @generated by Poetry 2.2.1 and should not be changed by hand.

[[package]]
name = "altgraph"
version = "0.17.5"
description = "Python graph (network) package"
optional = false
python-versions = "*"
groups = ["main"]
files = [
    {file = "altgraph-0.17.5-py2.py3-none-any.whl", hash = "sha256:f3a22400bce1b0c701683820ac4f3b159cd301acab067c51c653e06961600597"},
    {file = "altgraph-0.17.5.tar.gz", hash = "sha256:c87b395dd12fabde9c99573a9749d67da8d29ef9de0125c7f536699b4a9bc9e7"},
]

[[package]]
name = "cython"
version = "3.2.8"
description = "The Cython compiler for writing C extensions in the Python language."
optional = false
python-versions = ">=3.8"
groups = ["main"]
files = [
    {file = "cython-3.2.8-cp310-cp310-macosx_11_0_arm64.whl", hash = "sha256:51a1d2df1545c480f377f1bb2aea514e28956c87908f351bedc3772b3737c598"},
    {file = "cython-3.2.8-cp310-cp310-manylinux2014_aarch64.manylinux_2_17_aarch64.manylinux_2_28_aarch64.whl", hash = "sha256:4f1bbec7a7bd2c3836314e84f68e3f9a4c20e11cd164a01990a9ca34f595d5dd"},
    {file = "cython-3.2.8-cp310-cp310-manylinux2014_x86_64.manylinux_2_17_x86_64.manylinux_2_28_x86_64.whl", hash = "sha256:eb25b2afedc6a3585c5ae50db79ba0c3d6277ee8e1d6ce0223528db2c4981d9b"},
    {file = "cython-3.2.8-cp310-cp310-win_amd64.whl", hash = "sha256:ad9a80e5dda71cf30b9c9577902f0c080aa14a215d7c178d669cda21cf5ab801"},
    {file = "cython-3.2.8-cp311-cp311-macosx_11_0_arm64.whl", hash = "sha256:a7761e1a97081b707a9ea4fb7c8ecdeddcc6b5ae00dda0f0b7bbf933c1b599f9"},
    {file = "cython-3.2.8-cp311-cp311-manylinux2014_aarch64.manylinux_2_17_aarch64.manylinux_2_28_aarch64.whl", hash = "sha256:84def174fbf8886fb026e04716908276c074d8c231e66db803abd04afcdcb998"},
    {file = "cython-3.2.8-cp311-cp311-manylinux2014_x86_64.manylinux_2_17_x86_64.manylinux_2_28_x86_64.whl", hash = "sha256:a134a19bba6ce7b1dd21dedc5cb2d4ea39a4177e42e535e333786eb9d0ba61a7"},
    {file = "cython-3.2.8-cp311-cp311-win_amd64.whl", hash = "sha256:6c9bf89ac1d43a9e1c3bfee61e7b4dd8d1ef7a610001aa7779f0cb824bad8ae7"},
    {file = "cython-3.2.8-cp312-cp312-macosx_11_0_arm64.whl", hash = "sha256:f2547a31fbd3b1610a8859a16edee2a141f7781691cb98a2c6fd54870c5f7541"},
    {file = "cython-3.2.8-cp312-cp312-manylinux2014_aarch64.manylinux_2_17_aarch64.manylinux_2_28_aarch64.whl", hash = "sha256:ab1fe11ebd61e497a848622cdd157a4324ac06e7935b1219715408844e15dd13"},
    {file = "cython-3.2.8-cp312-cp312-manylinux2014_x86_64.manylinux_2_17_x86_64.manylinux_2_28_x86_64.whl", hash = "sha256:f3bce1f079734753649f8a3d3a95832297207feb120d0ef4fd5db4c813cc6c04"},
    {file = "cython-3.2.8-cp312-cp312-win_amd64.whl", hash = "sha256:8297efe129e6421c34ddbeb09ed5627ef6c0fc4868bf7f9bdf6c147f595ccaed"},
    {file = "cython-3.2.8-cp313-cp313-macosx_11_0_arm64.whl", hash = "sha256:0d78205f525287de94effa2f2fab6b9edafdab44ef8c58ecf52fcb1013225d68"},
    {file = "cython-3.2.8-cp313-cp313-manylinux2014_aarch64.manylinux_2_17_aarch64.manylinux_2_28_aarch64.whl", hash = "sha256:474d9c5378032c0237b70c7af4d2122eb00719fec2cab296ddc9cf2907d55d58"},
    {file = "cython-3.2.8-cp313-cp313-manylinux2014_x86_64.manylinux_2_17_x86_64.manylinux_2_28_x86_64.whl", hash = "sha256:e2221be06b6aa92486d7c3644c18cb3643b3e794600f0d6c8555a523e959a069"},
    {file = "cython-3.2.8-cp313-cp313-win_amd64.whl", hash = "sha256:0961ba91f59492d1bef974cc6b45993c743162776188bcb79e029b442d5d4fcc"},
    {file = "cython-3.2.8-cp314-cp314-macosx_11_0_arm64.whl", hash = "sha256:1c7f4143d0f9fb7b26444e00ebf7c8845f585d56f37b73bd3fb3dac269af8732"},
    {file = "cython-3.2.8-cp314-cp314-manylinux2014_aarch64.manylinux_2_17_aarch64.manylinux_2_28_aarch64.whl", hash = "sha256:6f788a2fec204bdd9291d5d542a4856db101dba59f8d83789d3f1eb2895971a0"},
    {file = "cython-3.2.8-cp314-cp314-manylinux2014_x86_64.manylinux_2_17_x86_64.manylinux_2_28_x86_64.whl", hash = "sha256:1c3a33c2ff250d0277d0ee8b080ba0a0391a00e48af4a96fb09dbebbd1ac4b0e"},
    {file = "cython-3.2.8-cp314-cp314-win_amd64.whl", hash = "sha256:89b0fdc2ca0b502afedc4dd4ddbc4f9cb5a135245afacf9483e556e8ad3ada3b"},
    {file = "cython-3.2.8-cp38-cp38-macosx_11_0_arm64.whl", hash = "sha256:61767412d252558104f14c006bc89eefe00496d4f57dd951dd13666bda2ff43b"},
    {file = "cython-3.2.8-cp38-cp38-manylinux2014_aarch64.manylinux_2_17_aarch64.manylinux_2_28_aarch64.whl", hash = "sha256:d63a43813fef3f3e8fb14502b8526d9bb9ad2eabd0c899b22f6409c4a97d265f"},
    {file = "cython-3.2.8-cp38-cp38-manylinux2014_x86_64.manylinux_2_17_x86_64.manylinux_2_28_x86_64.whl", hash = "sha256:75770f79cf67f89f7d0b08590ffc114c7a1b47352ef0ee5a3494d5fc098299f0"},
    {file = "cython-3.2.8-cp38-cp38-win_amd64.whl", hash = "sha256:d497b1048c61a94cff61baaa1db1c441254935671311f9fb0f84c8912e532d60"},
    {file = "cython-3.2.8-cp39-abi3-macosx_10_9_x86_64.whl", hash = "sha256:127bc4039be48c6eebe7f1d68c33d23eb3a0c5ae95e1d730bdd048837751438b"},
    {file = "cython-3.2.8-cp39-abi3-manylinux1_i686.manylinux_2_28_i686.manylinux_2_5_i686.whl", hash = "sha256:e480ae9f195cd29e5ce334e3d434c83dbac0783c0cc88f2407e31ba997724192"},
    {file = "cython-3.2.8-cp39-abi3-manylinux2014_armv7l.manylinux_2_17_armv7l.manylinux_2_31_armv7l.whl", hash = "sha256:3142407b9d63f233c766e17000e2aac782411bf0409b9adc97cb7c320aecd199"},
    {file = "cython-3.2.8-cp39-abi3-musllinux_1_2_aarch64.whl", hash = "sha256:41c118fd91d320cd72af26e29232ff3f1a0a170c47d477c9a176d766067a4718"},
    {file = "cython-3.2.8-cp39-abi3-musllinux_1_2_armv7l.whl", hash = "sha256:6335c6e8737a39734e20d25f89f425bf3274c104fc7efc05aacc7ed1a4858c9d"},
    {file = "cython-3.2.8-cp39-abi3-musllinux_1_2_i686.whl", hash = "sha256:1034facc082cb882e1e5beb61e136ae8e282df2eafa11e9771e9b0a15c860801"},
    {file = "cython-3.2.8-cp39-abi3-musllinux_1_2_x86_64.whl", hash = "sha256:8896ff6b133f346ebcf22aa23706c4031e8d9d5ae184433dfc67dc1053318b69"},
    {file = "cython-3.2.8-cp39-abi3-win32.whl", hash = "sha256:3fd6464433d925cba66ae31bf5780c8a469a06da1d109180cffb39ee3c88ae20"},
    {file = "cython-3.2.8-cp39-abi3-win_arm64.whl", hash = "sha256:4e9447d9b652396a285cdfbd4f9f0721842c63c6df281720e87dcc4b9ea65af5"},
    {file = "cython-3.2.8-cp39-cp39-macosx_11_0_arm64.whl", hash = "sha256:2d6858eb212b9272c5daed9d76e1c82b857e4963b2b892acf7ece4f8bb22aee6"},
    {file = "cython-3.2.8-cp39-cp39-manylinux2014_aarch64.manylinux_2_17_aarch64.manylinux_2_28_aarch64.whl", hash = "sha256:70db7a0c5fe5aebf272a56ddfc177bf608d6355571fd714b38f5ce14cba3b17c"},
    {file = "cython-3.2.8-cp39-cp39-manylinux2014_x86_64.manylinux_2_17_x86_64.manylinux_2_28_x86_64.whl", hash = "sha256:c85c2ceb6bc6d3bc442241038c4e8bdd9883a3afd655a9b47e1222e10fe9edf1"},
    {file = "cython-3.2.8-cp39-cp39-win_amd64.whl", hash = "sha256:7cae933e6b82c198b42e934472a41d2a14c5e115da6ea794c33039c2694ce4e5"},
    {file = "cython-3.2.8-py3-none-any.whl", hash = "sha256:f635e113677666de13a2ec2979e9b1d5b90617cdfd1a691d3559be81e2dd6cb9"},
    {file = "cython-3.2.8.tar.gz", hash = "sha256:f4f23a56b25221a06f91817fe8f3114ab8b48a4fac73187dbb64bc2c4a87961f"},
]

[[package]]
name = "macholib"
version = "1.16.4"
description = "Mach-O header analysis and editing"
optional = false
python-versions = "*"
groups = ["main"]
markers = "sys_platform == \"darwin\""
files = [
    {file = "macholib-1.16.4-py2.py3-none-any.whl", hash = "sha256:da1a3fa8266e30f0ce7e97c6a54eefaae8edd1e5f86f3eb8b95457cae90265ea"},
    {file = "macholib-1.16.4.tar.gz", hash = "sha256:f408c93ab2e995cd2c46e34fe328b130404be143469e41bc366c807448979362"},
]

[package.dependencies]
altgraph = ">=0.17"

[[package]]
name = "packaging"
version = "26.2"
description = "Core utilities for Python packages"
optional = false
python-versions = ">=3.8"
groups = ["main"]
files = [
    {file = "packaging-26.2-py3-none-any.whl", hash = "sha256:5fc45236b9446107ff2415ce77c807cee2862cb6fac22b8a73826d0693b0980e"},
    {file = "packaging-26.2.tar.gz", hash = "sha256:ff452ff5a3e828ce110190feff1178bb1f2ea2281fa2075aadb987c2fb221661"},
]

[[package]]
name = "pefile"
version = "2024.8.26"
description = "Python PE parsing module"
optional = false
python-versions = ">=3.6.0"
groups = ["main"]
markers = "sys_platform == \"win32\""
files = [
    {file = "pefile-2024.8.26-py3-none-any.whl", hash = "sha256:76f8b485dcd3b1bb8166f1128d395fa3d87af26360c2358fb75b80019b957c6f"},
    {file = "pefile-2024.8.26.tar.gz", hash = "sha256:3ff6c5d8b43e8c37bb6e6dd5085658d658a7a0bdcd20b6a07b1fcfc1c4e9d632"},
]

[[package]]
name = "pyinstaller"
version = "6.21.0"
description = "PyInstaller bundles a Python application and all its dependencies into a single package."
optional = false
python-versions = "<3.16,>=3.8"
groups = ["main"]
files = [
    {file = "pyinstaller-6.21.0-py3-none-macosx_10_13_universal2.whl", hash = "sha256:327d132389f37912609e01be62810cf96b5aa95b613903e4b8692e0d12fb0eda"},
    {file = "pyinstaller-6.21.0-py3-none-manylinux2014_aarch64.whl", hash = "sha256:7071d4b094d5b40deeef5fa3d3b98a1b846087f7562b49209663d5f9281fe251"},
    {file = "pyinstaller-6.21.0-py3-none-manylinux2014_i686.whl", hash = "sha256:6b6374d652107dd4a2eeece903ff82bb4045bb5e1006c5a158a6dcdbefe84bf2"},
    {file = "pyinstaller-6.21.0-py3-none-manylinux2014_ppc64le.whl", hash = "sha256:4e3108b3f02384560da70e39b8bf22b0ad597d02bd68a40d76ea91c1cfa00cad"},
    {file = "pyinstaller-6.21.0-py3-none-manylinux2014_s390x.whl", hash = "sha256:697532279f535ad572bda613db4f821540e235c7854ca6da4d3bf0373f4415ee"},
    {file = "pyinstaller-6.21.0-py3-none-manylinux2014_x86_64.whl", hash = "sha256:605169523a6b5ace39f13dfbff21add9f2bc43df99c7daf9394fefb2c45e8b6f"},
    {file = "pyinstaller-6.21.0-py3-none-musllinux_1_1_aarch64.whl", hash = "sha256:5fa56746c1e76f93634d018502301378a2d0c382553d37d8c3c34ff436c12dd1"},
    {file = "pyinstaller-6.21.0-py3-none-musllinux_1_1_x86_64.whl", hash = "sha256:42395ec76df8e8120c36b13339d9db8cab83e316a12839ee303cc00fc941bb74"},
    {file = "pyinstaller-6.21.0-py3-none-win32.whl", hash = "sha256:c6b28d30d8fd99ce162ff3aab5013ed44dbfb747566b1f01b9bed7964d7c14e9"},
    {file = "pyinstaller-6.21.0-py3-none-win_amd64.whl", hash = "sha256:7fae06c494ce0ebfe6bd3055c0e409def884f63af2e3705d06bd431ad9237fc7"},
    {file = "pyinstaller-6.21.0-py3-none-win_arm64.whl", hash = "sha256:f13c95c9c03fb567217135919f93815c305813126780b0ed6e0123cb8acaf025"},
    {file = "pyinstaller-6.21.0.tar.gz", hash = "sha256:bb9fab705983e393a2d1cac77d6972513057ad800215fd861dc15ff5272e98fd"},
]

[package.dependencies]
altgraph = "*"
macholib = {version = ">=1.8", markers = "sys_platform == \"darwin\""}
packaging = ">=22.0"
pefile = {version = ">=2022.5.30", markers = "sys_platform == \"win32\""}
pyinstaller-hooks-contrib = ">=2026.6"
pywin32-ctypes = {version = ">=0.2.1", markers = "sys_platform == \"win32\""}
setuptools = ">=42.0.0"

[package.extras]
completion = ["argcomplete"]
hook-testing = ["execnet (>=1.5.0)", "psutil", "pytest (>=2.7.3)"]

[[package]]
name = "pyinstaller-hooks-contrib"
version = "2026.6"
description = "Community maintained hooks for PyInstaller"
optional = false
python-versions = ">=3.8"
groups = ["main"]
files = [
    {file = "pyinstaller_hooks_contrib-2026.6-py3-none-any.whl", hash = "sha256:fd13b8ac126b35361175edacd41a0d97080b75dd5f4b594ecefefff969509dd3"},
    {file = "pyinstaller_hooks_contrib-2026.6.tar.gz", hash = "sha256:bef5002c32f4f50bd55b005da12cff64eca8783e7eaf86a06a62410164bab725"},
]

[package.dependencies]
packaging = ">=22.0"

[[package]]
name = "pywin32-ctypes"
version = "0.2.3"
description = "A (partial) reimplementation of pywin32 using ctypes/cffi"
optional = false
python-versions = ">=3.6"
groups = ["main"]
markers = "sys_platform == \"win32\""
files = [
    {file = "pywin32-ctypes-0.2.3.tar.gz", hash = "sha256:d162dc04946d704503b2edc4d55f3dba5c1d539ead017afa00142c38b9885755"},
    {file = "pywin32_ctypes-0.2.3-py3-none-any.whl", hash = "sha256:8a1513379d709975552d202d942d9837758905c8d01eb82b8bcc30918929e7b8"},
]

[[package]]
name = "setuptools"
version = "83.0.0"
description = "Most extensible Python build backend with support for C/C++ extension modules"
optional = false
python-versions = ">=3.10"
groups = ["main"]
files = [
    {file = "setuptools-83.0.0-py3-none-any.whl", hash = "sha256:29b23c360f22f414dc7336bb39178cc7bcbf6021ed2733cde173f09dba19abb3"},
    {file = "setuptools-83.0.0.tar.gz", hash = "sha256:025bccbbf0fa05b6192bc64ae1e7b16e001fd6d6d4d5de03c97b1c1ade523bef"},
]

[package.extras]
check = ["pytest-checkdocs (>=2.14)", "pytest-ruff (>=0.2.1) ; sys_platform != \"cygwin\"", "ruff (>=0.13.0) ; sys_platform != \"cygwin\""]
core = ["importlib_metadata (>=6) ; python_version < \"3.10\"", "jaraco.functools (>=4)", "jaraco.text (>=3.7)", "more_itertools", "more_itertools (>=8.8)", "packaging (>=24.2)", "tomli (>=2.0.1) ; python_version < \"3.11\"", "wheel (>=0.43.0)"]
cover = ["pytest-cov"]
doc = ["furo", "jaraco.packaging (>=9.3)", "jaraco.tidelift (>=1.4)", "pygments-github-lexers (==0.0.5)", "pyproject-hooks (!=1.1)", "rst.linker (>=1.9)", "sphinx (>=3.5)", "sphinx-favicon", "sphinx-inline-tabs", "sphinx-lint", "sphinx-notfound-page (>=1,<2)", "sphinx-reredirects", "sphinxcontrib-towncrier", "towncrier (<24.7)"]
enabler = ["pytest-enabler (>=3.4)"]
test = ["build[virtualenv] (>=1.0.3)", "filelock (>=3.4.0)", "ini2toml[lite] (>=0.14)", "jaraco.develop (>=7.21) ; python_version >= \"3.9\" and sys_platform != \"cygwin\"", "jaraco.envs (>=2.2)", "jaraco.path (>=3.7.2)", "jaraco.test (>=5.5)", "packaging (>=24.2)", "pip (>=19.1)", "pyproject-hooks (!=1.1)", "pytest (>=6,!=8.1.*)", "pytest-home (>=0.5)", "pytest-perf ; sys_platform != \"cygwin\"", "pytest-subprocess", "pytest-timeout", "pytest-xdist (>=3)", "tomli-w (>=1.0.0)", "virtualenv (>=13.0.0)", "wheel (>=0.44.0)"]
type = ["importlib_metadata (>=7.0.2) ; python_version < \"3.10\"", "jaraco.develop (>=7.21) ; sys_platform != \"cygwin\"", "mypy (==1.18.*)", "pytest-mypy (>=1.0.1) ; platform_python_implementation != \"PyPy\""]

[metadata]
lock-version = "2.1"
python-versions = ">=3.12,<3.16"
content-hash = "83303b693b5ac383f9938df04d95e6ad4434ccb8b0997666629043f5be07506e"
